
Microsoft Visual Studio Solution File, Format Version 12.00
# Visual Studio Version 17
VisualStudioVersion = 17.6.33723.286
MinimumVisualStudioVersion = 10.0.40219.1
Project("{FAE04EC0-301F-11D3-BF4B-00C04F79EFBC}") = "CsharpTestAssignments", "CsharpTestAssignments\CsharpTestAssignments.csproj", "{B542BD38-7FDB-4F0D-9471-063F24C7EF08}"
EndProject
Global
	GlobalSection(SolutionConfigurationPlatforms) = preSolution
		Debug|Any CPU = Debug|Any CPU
		Release|Any CPU = Release|Any CPU
	EndGlobalSection
	GlobalSection(ProjectConfigurationPlatforms) = postSolution
		{B542BD38-7FDB-4F0D-9471-063F24C7EF08}.Debug|Any CPU.ActiveCfg = Debug|Any CPU
		{B542BD38-7FDB-4F0D-9471-063F24C7EF08}.Debug|Any CPU.Build.0 = Debug|Any CPU
		{B542BD38-7FDB-4F0D-9471-063F24C7EF08}.Release|Any CPU.ActiveCfg = Release|Any CPU
		{B542BD38-7FDB-4F0D-9471-063F24C7EF08}.Release|Any CPU.Build.0 = Release|Any CPU
	EndGlobalSection
	GlobalSection(SolutionProperties) = preSolution
		HideSolutionNode = FALSE
	EndGlobalSection
	GlobalSection(ExtensibilityGlobals) = postSolution
		SolutionGuid = {61BEA284-CB18-4712-A51F-A68F8AA49B2D}
	EndGlobalSection
EndGlobal
